github.com/cbsinteractive/go-dash v0.0.0-20200309174059-c978edf9d310 h1:BZOhTau2Vx5d9j9tM/bsDiYsjvi+rmgCkrLiq7rSQqk=
github.com/cbsinteractive/go-dash v0.0.0-20200309174059-c978edf9d310/go.mod h1:c8Gxxfmh0jmZ6G+ISlpa315WBVkzd8mEhu6gN9mn5Qg=
github.com/cbsinteractive/go-dash v0.0.0-20200317215258-dcd6d6a37ebe h1:yC/f7ORPNGQh3YmWoJ+JL/0SUUkahBAsoQOSMQDI29k=
github.com/cbsinteractive/go-dash v0.0.0-20200330181831-e1a70e66546e h1:EyS4oo12/o0MbyUXN6hFOaAGbAp41P1/VGHVG20Crgk=
github.com/cbsinteractive/go-dash v0.0.0-20200330181831-e1a70e66546e/go.mod h1:c8Gxxfmh0jmZ6G+ISlpa315WBVkzd8mEhu6gN9mn5Qg=
github.com/cbsinteractive/m3u8 v0.11.2-0.20200325171435-8e0775d77ebe h1:LrJMO5Mzei3D0+z2XYK0xNgFvh5XFnlAqN23SYDZVMk=
github.com/cbsinteractive/m3u8 v0.11.2-0.20200325171435-8e0775d77ebe/go.mod h1:nqzOkfBiZJENr52zTVd/Dcl03yzphIMbJqkXGu+u080=
github.com/cbsinteractive/propeller-client-go v0.0.0-20200310001146-17ec5e73de5d h1:V61xgXiD0dR2JhFBBCYtsdHceflIaZaau54rpjBIdm8=
github.com/cbsinteractive/propeller-client-go v0.0.0-20200310001146-17ec5e73de5d/go.mod h1:+5V3mIMEOwqiyb4r3dBsvKtu23kQvJU97Bem9brNzQU=
github.com/cbsinteractive/propeller-client-go v0.0.0-20200319211718-7097ea26d5bc h1:UFPDXjG2qCDPwtPSiWeUemN5sbjGmlehDbZ7Q2aV1G0=
github.com/cbsinteractive/propeller-client-go v0.0.0-20200319211718-7097ea26d5bc/go.mod h1:lhWDwJP8cNfWbls5viRm6pAgDsbg1Hmdjpj7TQn5Cfg=
github.com/cbsinteractive/propeller-client-go v0.0.0-20200320001501-6150907a52b8 h1:cNJVGj0RoVifuy8+dxVAIzZik+XdyfwZQP6tk0Tez9o=
github.com/cbsinteractive/propeller-client-go v0.0.0-20200320001501-6150907a52b8/go.mod h1:lhWDwJP8cNfWbls5viRm6pAgDsbg1Hmdjpj7TQn5Cfg=
github.com/cbsinteractive/propeller-client-go v0.0.0-20200325144512-9e4b6cb70b7a h1:vhH+anJpwCzKtjfOof8gBlgE+iun0xEwsL9gcRMCqJ8=
github.com/cbsinteractive/propeller-client-go v0.0.0-20200325144512-9e4b6cb70b7a/go.mod h1:lhWDwJP8cNfWbls5viRm6pAgDsbg1Hmdjpj7TQn5Cfg=
github.com/davecgh/go-spew v1.1.0/go.mod h1:J7Y8YcW2NihsgmVo/mv3lAwl/skON4iLHjSsI+c5H38=
github.com/davecgh/go-spew v1.1.1 h1:vj9j/u1bqnvCEfJOwUhtlOARqs3+rkHYY13jYWTU97c=
github.com/davecgh/go-spew v1.1.1/go.mod h1:J7Y8YcW2NihsgmVo/mv3lAwl/skON4iLHjSsI+c5H38=
github.com/google/go-cmp v0.4.0 h1:xsAVV57WRhGj6kEIi8ReJzQlHHqcBYCElAvkovg3B/4=
github.com/google/go-cmp v0.4.0/go.mod h1:v8dTdLbMG2kIc/vJvl+f65V22dbkXbowE6jgT/gNBxE=
github.com/grafov/m3u8 v0.11.1 h1:igZ7EBIB2IAsPPazKwRKdbhxcoBKO3lO1UY57PZDeNA=
github.com/grafov/m3u8 v0.11.1/go.mod h1:nqzOkfBiZJENr52zTVd/Dcl03yzphIMbJqkXGu+u080=
github.com/kelseyhightower/envconfig v1.4.0 h1:Im6hONhd3pLkfDFsbRgu68RDNkGF1r3dvMUtDTo2cv8=
github.com/kelseyhightower/envconfig v1.4.0/go.mod h1:cccZRl6mQpaq41TPp5QxidR+Sa3axMbJDNb//FQX6Gg=
github.com/konsorten/go-windows-terminal-sequences v1.0.1 h1:mweAR1A6xJ3oS2pRaGiHgQ4OO8tzTaLawm8vnODuwDk=
github.com/konsorten/go-windows-terminal-sequences v1.0.1/go.mod h1:T0+1ngSBFLxvqU3pZ+m/2kptfBszLMUkC4ZK/EgS/cQ=
github.com/konsorten/go-windows-terminal-sequences v1.0.2 h1:DB17ag19krx9CFsz4o3enTrPXyIXCl+2iCXH/aMAp9s=
github.com/konsorten/go-windows-terminal-sequences v1.0.2/go.mod h1:T0+1ngSBFLxvqU3pZ+m/2kptfBszLMUkC4ZK/EgS/cQ=
github.com/pmezard/go-difflib v1.0.0 h1:4DBwDE0NGyQoBHbLQYPwSUPoCMWR5BEzIk/f1lZbAQM=
github.com/pmezard/go-difflib v1.0.0/go.mod h1:iKH77koFhYxTK1pcRnkKkqfTogsbg7gZNVY4sRDYZ/4=
github.com/sirupsen/logrus v1.4.2 h1:SPIRibHv4MatM3XXNO2BJeFLZwZ2LvZgfQ5+UNI2im4=
github.com/sirupsen/logrus v1.4.2/go.mod h1:tLMulIdttU9McNUspp0xgXVQah82FyeX6MwdIuYE2rE=
github.com/stretchr/objx v0.1.0/go.mod h1:HFkY916IF+rwdDfMAkV7OtwuqBVzrE8GR6GFx+wExME=
github.com/stretchr/objx v0.1.1/go.mod h1:HFkY916IF+rwdDfMAkV7OtwuqBVzrE8GR6GFx+wExME=
github.com/stretchr/testify v1.2.2/go.mod h1:a8OnRcib4nhh0OaRAV+Yts87kKdq0PP7pXfy6kDkUVs=
github.com/stretchr/testify v1.4.0 h1:2E4SXV/wtOkTonXsotYi4li6zVWxYlZuYNCXe9XRJyk=
github.com/stretchr/testify v1.4.0/go.mod h1:j7eGeouHqKxXV5pUuKE4zz7dFj8WfuZ+81PSLYec5m4=
golang.org/x/sys v0.0.0-20190422165155-953cdadca894 h1:Cz4ceDQGXuKRnVBDTS23GTn/pU5OE2C0WrNTOYK1Uuc=
golang.org/x/sys v0.0.0-20190422165155-953cdadca894/go.mod h1:h1NjWce9XRLGQEsW7wpKNCjG9DtNlClVuFLEZdDNbEs=
golang.org/x/sys v0.0.0-20200302150141-5c8b2ff67527 h1:uYVVQ9WP/Ds2ROhcaGPeIdVq0RIXVLwsHlnvJ+cT1So=
golang.org/x/sys v0.0.0-20200302150141-5c8b2ff67527/go.mod h1:h1NjWce9XRLGQEsW7wpKNCjG9DtNlClVuFLEZdDNbEs=
golang.org/x/xerrors v0.0.0-20191204190536-9bdfabe68543 h1:E7g+9GITq07hpfrRu66IVDexMakfv52eLZ2CXBWiKr4=
golang.org/x/xerrors v0.0.0-20191204190536-9bdfabe68543/go.mod h1:I/5z698sn9Ka8TeJc9MKroUUfqBBauWjQqLJ2OPfmY0=
gopkg.in/check.v1 v0.0.0-20161208181325-20d25e280405 h1:yhCVgyC4o1eVCa2tZl7eS0r+SDo693bJlVdllGtEeKM=
gopkg.in/check.v1 v0.0.0-20161208181325-20d25e280405/go.mod h1:Co6ibVJAznAaIkqp8huTwlJQCZ016jof/cbN4VW5Yz0=
gopkg.in/yaml.v2 v2.2.2 h1:ZCJp+EgiOT7lHqUV2J862kp8Qj64Jo6az82+3Td9dZw=
gopkg.in/yaml.v2 v2.2.2/go.mod h1:hI93XBmqTisBFMUTm0b8Fm+jr3Dg1NNxqwp+5A1VGuI=
